packages:
  apb:
    revision: null
    version: null
    source:
      Path: .bender/git/checkouts/apb-521b279a5c028536
    dependencies:
    - common_cells
  apb_uart:
    revision: null
    version: null
    source:
      Path: .bender/git/checkouts/apb_uart-38dcfab592cbc1a1
    dependencies:
    - apb
    - register_interface
  ara:
    revision: null
    version: null
    source:
      Path: .bender/git/checkouts/ara-2c7b103275a16c87
    dependencies:
    - apb
    - axi
    - common_cells
    - cva6
    - tech_cells_generic
  axi:
    revision: null
    version: null
    source:
      Path: .bender/git/checkouts/axi-ecdc900686449c15
    dependencies:
    - common_cells
    - common_verification
    - tech_cells_generic
  axi_llc:
    revision: null
    version: null
    source:
      Path: .bender/git/checkouts/axi_llc-5fb8850caad4fcfa
    dependencies:
    - axi
    - common_cells
    - common_verification
    - register_interface
    - tech_cells_generic
  axi_riscv_atomics:
    revision: null
    version: null
    source:
      Path: .bender/git/checkouts/axi_riscv_atomics-40ad8d2d0e0daa8b
    dependencies:
    - axi
    - common_cells
    - common_verification
  axi_rt:
    revision: null
    version: null
    source:
      Path: .bender/git/checkouts/axi_rt-7cef46f372eaf0fb
    dependencies:
    - axi
    - common_cells
    - register_interface
  axi_stream:
    revision: null
    version: null
    source:
      Path: .bender/git/checkouts/axi_stream-4bb2af42e3aea076
    dependencies:
    - common_cells
  axi_vga:
    revision: null
    version: null
    source:
      Path: .bender/git/checkouts/axi_vga-74c838b44ce780d5
    dependencies:
    - axi
    - common_cells
    - register_interface
  clic:
    revision: null
    version: null
    source:
      Path: .bender/git/checkouts/clic-360fff7ce2d41116
    dependencies:
    - common_cells
    - register_interface
  clint:
    revision: null
    version: null
    source:
      Path: .bender/git/checkouts/clint-de4a234303f657d0
    dependencies:
    - common_cells
    - register_interface
  common_cells:
    revision: null
    version: null
    source:
      Path: .bender/git/checkouts/common_cells-7f7ae0f5e6bf7fb5
    dependencies:
    - common_verification
    - tech_cells_generic
  common_verification:
    revision: null
    version: null
    source:
      Path: .bender/git/checkouts/common_verification-8eae3e9fca231308
    dependencies: []
  cva6:
    revision: null
    version: null
    source:
      Path: .bender/git/checkouts/cva6-20c9d7cbe0dd6995
    dependencies:
    - axi
    - common_cells
    - fpnew
    - tech_cells_generic
  dram_rtl_sim:
    revision: null
    version: null
    source:
      Path: .bender/git/checkouts/dram_rtl_sim-150825794ee29da3
    dependencies:
    - axi
  fpnew:
    revision: null
    version: null
    source:
      Path: .bender/git/checkouts/fpnew-ed006ec0a4178e29
    dependencies:
    - common_cells
    - fpu_div_sqrt_mvp
  fpu_div_sqrt_mvp:
    revision: null
    version: null
    source:
      Path: .bender/git/checkouts/fpu_div_sqrt_mvp-33e0a4fc0dc853c1
    dependencies:
    - common_cells
  idma:
    revision: null
    version: null
    source:
      Path: .bender/git/checkouts/idma-77bf7fa56d324e6a
    dependencies:
    - axi
    - axi_stream
    - common_cells
    - common_verification
    - obi
    - register_interface
  irq_router:
    revision: null
    version: null
    source:
      Path: .bender/git/checkouts/irq_router-376b3d113c15d0ef
    dependencies:
    - axi
    - common_cells
    - register_interface
  obi:
    revision: null
    version: null
    source:
      Path: .bender/git/checkouts/obi-7e44f4165b1b0649
    dependencies:
    - common_cells
    - common_verification
  opentitan_peripherals:
    revision: null
    version: null
    source:
      Path: .bender/git/checkouts/opentitan_peripherals-7b624fb57f78de9a
    dependencies:
    - common_cells
    - register_interface
    - tech_cells_generic
  register_interface:
    revision: null
    version: null
    source:
      Path: .bender/git/checkouts/register_interface-902ad5bfde7bb98c
    dependencies:
    - apb
    - axi
    - common_cells
    - common_verification
  riscv-dbg:
    revision: null
    version: null
    source:
      Path: .bender/git/checkouts/riscv-dbg-1a98531d53bb4602
    dependencies:
    - common_cells
    - tech_cells_generic
  serial_link:
    revision: null
    version: null
    source:
      Path: .bender/git/checkouts/serial_link-6e09ea4800bad616
    dependencies:
    - axi
    - common_cells
    - register_interface
  tech_cells_generic:
    revision: null
    version: null
    source:
      Path: .bender/git/checkouts/tech_cells_generic-223c43ccbeb688f9
    dependencies:
    - common_verification
  unbent:
    revision: null
    version: null
    source:
      Path: .bender/git/checkouts/unbent-a93c32aef5b319fd
    dependencies:
    - axi
    - common_cells
    - register_interface
